
Microsoft Visual Studio Solution File, Format Version 12.00
Project("{FAE04EC0-301F-11D3-BF4B-00C04F79EFBC}") = "ObjectOrientedProgramming", "ObjectOrientedProgramming\ObjectOrientedProgramming.csproj", "{1DA4775A-0B0C-48A1-807D-43E175CEFADF}"
EndProject
Global
	GlobalSection(SolutionConfigurationPlatforms) = preSolution
		Debug|Any CPU = Debug|Any CPU
		Release|Any CPU = Release|Any CPU
	EndGlobalSection
	GlobalSection(ProjectConfigurationPlatforms) = postSolution
		{1DA4775A-0B0C-48A1-807D-43E175CEFADF}.Debug|Any CPU.ActiveCfg = Debug|Any CPU
		{1DA4775A-0B0C-48A1-807D-43E175CEFADF}.Debug|Any CPU.Build.0 = Debug|Any CPU
		{1DA4775A-0B0C-48A1-807D-43E175CEFADF}.Release|Any CPU.ActiveCfg = Release|Any CPU
		{1DA4775A-0B0C-48A1-807D-43E175CEFADF}.Release|Any CPU.Build.0 = Release|Any CPU
	EndGlobalSection
EndGlobal
